<Solution>
  <Project Path="GerenciadorTasks.Core/GerenciadorTasks.Core.csproj" />
  <Project Path="GerenciadorTasks.Application/GerenciadorTasks.Application.csproj" />
  <Project Path="GerenciadorTasks.Infrastructure/GerenciadorTasks.Infrastructure.csproj" />
  <Project Path="GerenciadorTasks.UnitTests/GerenciadorTasks.UnitTests.csproj" />
  <Project Path="GerenciadorTasksApi/GerenciadorTasksApi.csproj" />
</Solution>
